// !$*UTF8*$!
{
	archiveVersion = 1;
	classes = {
	};
	objectVersion = 51;
	objects = {

/* Begin PBXBuildFile section */
		C5F0E9E8196EC7D76E5E5460 /* Pods_News.framework in Frameworks */ = {isa = PBXBuildFile; fileRef = 10B6BAE3B4FF1218E707D5B6 /* Pods_News.framework */; };
		F0BE124D25E5AA4F004164D6 /* AppDelegate.swift in Sources */ = {isa = PBXBuildFile; fileRef = F0BE124C25E5AA4F004164D6 /* AppDelegate.swift */; };
		F0BE124F25E5AA4F004164D6 /* SceneDelegate.swift in Sources */ = {isa = PBXBuildFile; fileRef = F0BE124E25E5AA4F004164D6 /* SceneDelegate.swift */; };
		F0BE125425E5AA4F004164D6 /* Main.storyboard in Resources */ = {isa = PBXBuildFile; fileRef = F0BE125225E5AA4F004164D6 /* Main.storyboard */; };
		F0BE125625E5AA53004164D6 /* Assets.xcassets in Resources */ = {isa = PBXBuildFile; fileRef = F0BE125525E5AA53004164D6 /* Assets.xcassets */; };
		F0BE125925E5AA53004164D6 /* LaunchScreen.storyboard in Resources */ = {isa = PBXBuildFile; fileRef = F0BE125725E5AA53004164D6 /* LaunchScreen.storyboard */; };
		F0BE126825E5B21E004164D6 /* TableViewController.swift in Sources */ = {isa = PBXBuildFile; fileRef = F0BE126725E5B21E004164D6 /* TableViewController.swift */; };
		F0BE126C25E5B364004164D6 /* TableViewCell.swift in Sources */ = {isa = PBXBuildFile; fileRef = F0BE126A25E5B364004164D6 /* TableViewCell.swift */; };
		F0BE126D25E5B364004164D6 /* TableViewCell.xib in Resources */ = {isa = PBXBuildFile; fileRef = F0BE126B25E5B364004164D6 /* TableViewCell.xib */; };
		F0BE127025E5B405004164D6 /* constants.swift in Sources */ = {isa = PBXBuildFile; fileRef = F0BE126F25E5B405004164D6 /* constants.swift */; };
		F0BE127325E5BD27004164D6 /* newsData.swift in Sources */ = {isa = PBXBuildFile; fileRef = F0BE127225E5BD27004164D6 /* newsData.swift */; };
/* End PBXBuildFile section */

/* Begin PBXFileReference section */
		07353574A3E60ED4E5809D12 /* Pods-News.debug.xcconfig */ = {isa = PBXFileReference; includeInIndex = 1; lastKnownFileType = text.xcconfig; name = "Pods-News.debug.xcconfig"; path = "Target Support Files/Pods-News/Pods-News.debug.xcconfig"; sourceTree = "<group>"; };
		10B6BAE3B4FF1218E707D5B6 /* Pods_News.framework */ = {isa = PBXFileReference; explicitFileType = wrapper.framework; includeInIndex = 0; path = Pods_News.framework; sourceTree = BUILT_PRODUCTS_DIR; };
		4861507CE1D2950CBC0E05C1 /* Pods-News.release.xcconfig */ = {isa = PBXFileReference; includeInIndex = 1; lastKnownFileType = text.xcconfig; name = "Pods-News.release.xcconfig"; path = "Target Support Files/Pods-News/Pods-News.release.xcconfig"; sourceTree = "<group>"; };
		F0BE124925E5AA4F004164D6 /* News.app */ = {isa = PBXFileReference; explicitFileType = wrapper.application; includeInIndex = 0; path = News.app; sourceTree = BUILT_PRODUCTS_DIR; };
		F0BE124C25E5AA4F004164D6 /* AppDelegate.swift */ = {isa = PBXFileReference; lastKnownFileType = sourcecode.swift; path = AppDelegate.swift; sourceTree = "<group>"; };
		F0BE124E25E5AA4F004164D6 /* SceneDelegate.swift */ = {isa = PBXFileReference; lastKnownFileType = sourcecode.swift; path = SceneDelegate.swift; sourceTree = "<group>"; };
		F0BE125325E5AA4F004164D6 /* Base */ = {isa = PBXFileReference; lastKnownFileType = file.storyboard; name = Base; path = Base.lproj/Main.storyboard; sourceTree = "<group>"; };
		F0BE125525E5AA53004164D6 /* Assets.xcassets */ = {isa = PBXFileReference; lastKnownFileType = folder.assetcatalog; path = Assets.xcassets; sourceTree = "<group>"; };
		F0BE125825E5AA53004164D6 /* Base */ = {isa = PBXFileReference; lastKnownFileType = file.storyboard; name = Base; path = Base.lproj/LaunchScreen.storyboard; sourceTree = "<group>"; };
		F0BE125A25E5AA53004164D6 /* Info.plist */ = {isa = PBXFileReference; lastKnownFileType = text.plist.xml; path = Info.plist; sourceTree = "<group>"; };
		F0BE126725E5B21E004164D6 /* TableViewController.swift */ = {isa = PBXFileReference; lastKnownFileType = sourcecode.swift; path = TableViewController.swift; sourceTree = "<group>"; };
		F0BE126A25E5B364004164D6 /* TableViewCell.swift */ = {isa = PBXFileReference; lastKnownFileType = sourcecode.swift; path = TableViewCell.swift; sourceTree = "<group>"; };
		F0BE126B25E5B364004164D6 /* TableViewCell.xib */ = {isa = PBXFileReference; lastKnownFileType = file.xib; path = TableViewCell.xib; sourceTree = "<group>"; };
		F0BE126F25E5B405004164D6 /* constants.swift */ = {isa = PBXFileReference; lastKnownFileType = sourcecode.swift; path = constants.swift; sourceTree = "<group>"; };
		F0BE127225E5BD27004164D6 /* newsData.swift */ = {isa = PBXFileReference; lastKnownFileType = sourcecode.swift; path = newsData.swift; sourceTree = "<group>"; };
/* End PBXFileReference section */

/* Begin PBXFrameworksBuildPhase section */
		F0BE124625E5AA4F004164D6 /* Frameworks */ = {
			isa = PBXFrameworksBuildPhase;
			buildActionMask = 2147483647;
			files = (
				C5F0E9E8196EC7D76E5E5460 /* Pods_News.framework in Frameworks */,
			);
			runOnlyForDeploymentPostprocessing = 0;
		};
/* End PBXFrameworksBuildPhase section */

/* Begin PBXGroup section */
		3D4753832DF0848F61B4A06A /* Frameworks */ = {
			isa = PBXGroup;
			children = (
				10B6BAE3B4FF1218E707D5B6 /* Pods_News.framework */,
			);
			name = Frameworks;
			sourceTree = "<group>";
		};
		65B8A8A36646B7F45E43B4CA /* Pods */ = {
			isa = PBXGroup;
			children = (
				07353574A3E60ED4E5809D12 /* Pods-News.debug.xcconfig */,
				4861507CE1D2950CBC0E05C1 /* Pods-News.release.xcconfig */,
			);
			path = Pods;
			sourceTree = "<group>";
		};
		F0BE124025E5AA4F004164D6 = {
			isa = PBXGroup;
			children = (
				F0BE124B25E5AA4F004164D6 /* News */,
				F0BE124A25E5AA4F004164D6 /* Products */,
				65B8A8A36646B7F45E43B4CA /* Pods */,
				3D4753832DF0848F61B4A06A /* Frameworks */,
			);
			sourceTree = "<group>";
		};
		F0BE124A25E5AA4F004164D6 /* Products */ = {
			isa = PBXGroup;
			children = (
				F0BE124925E5AA4F004164D6 /* News.app */,
			);
			name = Products;
			sourceTree = "<group>";
		};
		F0BE124B25E5AA4F004164D6 /* News */ = {
			isa = PBXGroup;
			children = (
				F0BE124C25E5AA4F004164D6 /* AppDelegate.swift */,
				F0BE124E25E5AA4F004164D6 /* SceneDelegate.swift */,
				F0BE125225E5AA4F004164D6 /* Main.storyboard */,
				F0BE125525E5AA53004164D6 /* Assets.xcassets */,
				F0BE125725E5AA53004164D6 /* LaunchScreen.storyboard */,
				F0BE125A25E5AA53004164D6 /* Info.plist */,
				F0BE126725E5B21E004164D6 /* TableViewController.swift */,
				F0BE126A25E5B364004164D6 /* TableViewCell.swift */,
				F0BE126B25E5B364004164D6 /* TableViewCell.xib */,
				F0BE126F25E5B405004164D6 /* constants.swift */,
				F0BE127225E5BD27004164D6 /* newsData.swift */,
			);
			path = News;
			sourceTree = "<group>";
		};
/* End PBXGroup section */

/* Begin PBXNativeTarget section */
		F0BE124825E5AA4F004164D6 /* News */ = {
			isa = PBXNativeTarget;
			buildConfigurationList = F0BE125D25E5AA53004164D6 /* Build configuration list for PBXNativeTarget "News" */;
			buildPhases = (
				38FCEB7C749B1A7B317E6DC8 /* [CP] Check Pods Manifest.lock */,
				F0BE124525E5AA4F004164D6 /* Sources */,
				F0BE124625E5AA4F004164D6 /* Frameworks */,
				F0BE124725E5AA4F004164D6 /* Resources */,
				4659968BDF8CF7285B298555 /* [CP] Embed Pods Frameworks */,
			);
			buildRules = (
			);
			dependencies = (
			);
			name = News;
			productName = News;
			productReference = F0BE124925E5AA4F004164D6 /* News.app */;
			productType = "com.apple.product-type.application";
		};
/* End PBXNativeTarget section */

/* Begin PBXProject section */
		F0BE124125E5AA4F004164D6 /* Project object */ = {
			isa = PBXProject;
			attributes = {
				LastSwiftUpdateCheck = 1240;
				LastUpgradeCheck = 1240;
				TargetAttributes = {
					F0BE124825E5AA4F004164D6 = {
						CreatedOnToolsVersion = 12.4;
					};
				};
			};
			buildConfigurationList = F0BE124425E5AA4F004164D6 /* Build configuration list for PBXProject "News" */;
			compatibilityVersion = "Xcode 9.3";
			developmentRegion = en;
			hasScannedForEncodings = 0;
			knownRegions = (
				en,
				Base,
			);
			mainGroup = F0BE124025E5AA4F004164D6;
			productRefGroup = F0BE124A25E5AA4F004164D6 /* Products */;
			projectDirPath = "";
			projectRoot = "";
			targets = (
				F0BE124825E5AA4F004164D6 /* News */,
			);
		};
/* End PBXProject section */

/* Begin PBXResourcesBuildPhase section */
		F0BE124725E5AA4F004164D6 /* Resources */ = {
			isa = PBXResourcesBuildPhase;
			buildActionMask = 2147483647;
			files = (
				F0BE125925E5AA53004164D6 /* LaunchScreen.storyboard in Resources */,
				F0BE126D25E5B364004164D6 /* TableViewCell.xib in Resources */,
				F0BE125625E5AA53004164D6 /* Assets.xcassets in Resources */,
				F0BE125425E5AA4F004164D6 /* Main.storyboard in Resources */,
			);
			runOnlyForDeploymentPostprocessing = 0;
		};
/* End PBXResourcesBuildPhase section */

/* Begin PBXShellScriptBuildPhase section */
		38FCEB7C749B1A7B317E6DC8 /* [CP] Check Pods Manifest.lock */ = {
			isa = PBXShellScriptBuildPhase;
			buildActionMask = 2147483647;
			files = (
			);
			inputFileListPaths = (
			);
			inputPaths = (
				"${PODS_PODFILE_DIR_PATH}/Podfile.lock",
				"${PODS_ROOT}/Manifest.lock",
			);
			name = "[CP] Check Pods Manifest.lock";
			outputFileListPaths = (
			);
			outputPaths = (
				"$(DERIVED_FILE_DIR)/Pods-News-checkManifestLockResult.txt",
			);
			runOnlyForDeploymentPostprocessing = 0;
			shellPath = /bin/sh;
			shellScript = "diff \"${PODS_PODFILE_DIR_PATH}/Podfile.lock\" \"${PODS_ROOT}/Manifest.lock\" > /dev/null\nif [ $? != 0 ] ; then\n    # print error to STDERR\n    echo \"error: The sandbox is not in sync with the Podfile.lock. Run 'pod install' or update your CocoaPods installation.\" >&2\n    exit 1\nfi\n# This output is used by Xcode 'outputs' to avoid re-running this script phase.\necho \"SUCCESS\" > \"${SCRIPT_OUTPUT_FILE_0}\"\n";
			showEnvVarsInLog = 0;
		};
		4659968BDF8CF7285B298555 /* [CP] Embed Pods Frameworks */ = {
			isa = PBXShellScriptBuildPhase;
			buildActionMask = 2147483647;
			files = (
			);
			inputFileListPaths = (
				"${PODS_ROOT}/Target Support Files/Pods-News/Pods-News-frameworks-${CONFIGURATION}-input-files.xcfilelist",
			);
			name = "[CP] Embed Pods Frameworks";
			outputFileListPaths = (
				"${PODS_ROOT}/Target Support Files/Pods-News/Pods-News-frameworks-${CONFIGURATION}-output-files.xcfilelist",
			);
			runOnlyForDeploymentPostprocessing = 0;
			shellPath = /bin/sh;
			shellScript = "\"${PODS_ROOT}/Target Support Files/Pods-News/Pods-News-frameworks.sh\"\n";
			showEnvVarsInLog = 0;
		};
/* End PBXShellScriptBuildPhase section */

/* Begin PBXSourcesBuildPhase section */
		F0BE124525E5AA4F004164D6 /* Sources */ = {
			isa = PBXSourcesBuildPhase;
			buildActionMask = 2147483647;
			files = (
				F0BE127325E5BD27004164D6 /* newsData.swift in Sources */,
				F0BE126C25E5B364004164D6 /* TableViewCell.swift in Sources */,
				F0BE124D25E5AA4F004164D6 /* AppDelegate.swift in Sources */,
				F0BE124F25E5AA4F004164D6 /* SceneDelegate.swift in Sources */,
				F0BE126825E5B21E004164D6 /* TableViewController.swift in Sources */,
				F0BE127025E5B405004164D6 /* constants.swift in Sources */,
			);
			runOnlyForDeploymentPostprocessing = 0;
		};
/* End PBXSourcesBuildPhase section */

/* Begin PBXVariantGroup section */
		F0BE125225E5AA4F004164D6 /* Main.storyboard */ = {
			isa = PBXVariantGroup;
			children = (
				F0BE125325E5AA4F004164D6 /* Base */,
			);
			name = Main.storyboard;
			sourceTree = "<group>";
		};
		F0BE125725E5AA53004164D6 /* LaunchScreen.storyboard */ = {
			isa = PBXVariantGroup;
			children = (
				F0BE125825E5AA53004164D6 /* Base */,
			);
			name = LaunchScreen.storyboard;
			sourceTree = "<group>";
		};
/* End PBXVariantGroup section */

/* Begin XCBuildConfiguration section */
		F0BE125B25E5AA53004164D6 /* Debug */ = {
			isa = XCBuildConfiguration;
			buildSettings = {
				ALWAYS_SEARCH_USER_PATHS = NO;
				CLANG_ANALYZER_NONNULL = YES;
				CLANG_ANALYZER_NUMBER_OBJECT_CONVERSION = YES_AGGRESSIVE;
				CLANG_CXX_LANGUAGE_STANDARD = "gnu++14";
				CLANG_CXX_LIBRARY = "libc++";
				CLANG_ENABLE_MODULES = YES;
				CLANG_ENABLE_OBJC_ARC = YES;
				CLANG_ENABLE_OBJC_WEAK = YES;
				CLANG_WARN_BLOCK_CAPTURE_AUTORELEASING = YES;
				CLANG_WARN_BOOL_CONVERSION = YES;
				CLANG_WARN_COMMA = YES;
				CLANG_WARN_CONSTANT_CONVERSION = YES;
				CLANG_WARN_DEPRECATED_OBJC_IMPLEMENTATIONS = YES;
				CLANG_WARN_DIRECT_OBJC_ISA_USAGE = YES_ERROR;
				CLANG_WARN_DOCUMENTATION_COMMENTS = YES;
				CLANG_WARN_EMPTY_BODY = YES;
				CLANG_WARN_ENUM_CONVERSION = YES;
				CLANG_WARN_INFINITE_RECURSION = YES;
				CLANG_WARN_INT_CONVERSION = YES;
				CLANG_WARN_NON_LITERAL_NULL_CONVERSION = YES;
				CLANG_WARN_OBJC_IMPLICIT_RETAIN_SELF = YES;
				CLANG_WARN_OBJC_LITERAL_CONVERSION = YES;
				CLANG_WARN_OBJC_ROOT_CLASS = YES_ERROR;
				CLANG_WARN_QUOTED_INCLUDE_IN_FRAMEWORK_HEADER = YES;
				CLANG_WARN_RANGE_LOOP_ANALYSIS = YES;
				CLANG_WARN_STRICT_PROTOTYPES = YES;
				CLANG_WARN_SUSPICIOUS_MOVE = YES;
				CLANG_WARN_UNGUARDED_AVAILABILITY = YES_AGGRESSIVE;
				CLANG_WARN_UNREACHABLE_CODE = YES;
				CLANG_WARN__DUPLICATE_METHOD_MATCH = YES;
				COPY_PHASE_STRIP = NO;
				DEBUG_INFORMATION_FORMAT = dwarf;
				ENABLE_STRICT_OBJC_MSGSEND = YES;
				ENABLE_TESTABILITY = YES;
				GCC_C_LANGUAGE_STANDARD = gnu11;
				GCC_DYNAMIC_NO_PIC = NO;
				GCC_NO_COMMON_BLOCKS = YES;
				GCC_OPTIMIZATION_LEVEL = 0;
				GCC_PREPROCESSOR_DEFINITIONS = (
					"DEBUG=1",
					"$(inherited)",
				);
				GCC_WARN_64_TO_32_BIT_CONVERSION = YES;
				GCC_WARN_ABOUT_RETURN_TYPE = YES_ERROR;
				GCC_WARN_UNDECLARED_SELECTOR = YES;
				GCC_WARN_UNINITIALIZED_AUTOS = YES_AGGRESSIVE;
				GCC_WARN_UNUSED_FUNCTION = YES;
				GCC_WARN_UNUSED_VARIABLE = YES;
				IPHONEOS_DEPLOYMENT_TARGET = 14.4;
				MTL_ENABLE_DEBUG_INFO = INCLUDE_SOURCE;
				MTL_FAST_MATH = YES;
				ONLY_ACTIVE_ARCH = YES;
				SDKROOT = iphoneos;
				SWIFT_ACTIVE_COMPILATION_CONDITIONS = DEBUG;
				SWIFT_OPTIMIZATION_LEVEL = "-Onone";
			};
			name = Debug;
		};
		F0BE125C25E5AA53004164D6 /* Release */ = {
			isa = XCBuildConfiguration;
			buildSettings = {
				ALWAYS_SEARCH_USER_PATHS = NO;
				CLANG_ANALYZER_NONNULL = YES;
				CLANG_ANALYZER_NUMBER_OBJECT_CONVERSION = YES_AGGRESSIVE;
				CLANG_CXX_LANGUAGE_STANDARD = "gnu++14";
				CLANG_CXX_LIBRARY = "libc++";
				CLANG_ENABLE_MODULES = YES;
				CLANG_ENABLE_OBJC_ARC = YES;
				CLANG_ENABLE_OBJC_WEAK = YES;
				CLANG_WARN_BLOCK_CAPTURE_AUTORELEASING = YES;
				CLANG_WARN_BOOL_CONVERSION = YES;
				CLANG_WARN_COMMA = YES;
				CLANG_WARN_CONSTANT_CONVERSION = YES;
				CLANG_WARN_DEPRECATED_OBJC_IMPLEMENTATIONS = YES;
				CLANG_WARN_DIRECT_OBJC_ISA_USAGE = YES_ERROR;
				CLANG_WARN_DOCUMENTATION_COMMENTS = YES;
				CLANG_WARN_EMPTY_BODY = YES;
				CLANG_WARN_ENUM_CONVERSION = YES;
				CLANG_WARN_INFINITE_RECURSION = YES;
				CLANG_WARN_INT_CONVERSION = YES;
				CLANG_WARN_NON_LITERAL_NULL_CONVERSION = YES;
				CLANG_WARN_OBJC_IMPLICIT_RETAIN_SELF = YES;
				CLANG_WARN_OBJC_LITERAL_CONVERSION = YES;
				CLANG_WARN_OBJC_ROOT_CLASS = YES_ERROR;
				CLANG_WARN_QUOTED_INCLUDE_IN_FRAMEWORK_HEADER = YES;
				CLANG_WARN_RANGE_LOOP_ANALYSIS = YES;
				CLANG_WARN_STRICT_PROTOTYPES = YES;
				CLANG_WARN_SUSPICIOUS_MOVE = YES;
				CLANG_WARN_UNGUARDED_AVAILABILITY = YES_AGGRESSIVE;
				CLANG_WARN_UNREACHABLE_CODE = YES;
				CLANG_WARN__DUPLICATE_METHOD_MATCH = YES;
				COPY_PHASE_STRIP = NO;
				DEBUG_INFORMATION_FORMAT = "dwarf-with-dsym";
				ENABLE_NS_ASSERTIONS = NO;
				ENABLE_STRICT_OBJC_MSGSEND = YES;
				GCC_C_LANGUAGE_STANDARD = gnu11;
				GCC_NO_COMMON_BLOCKS = YES;
				GCC_WARN_64_TO_32_BIT_CONVERSION = YES;
				GCC_WARN_ABOUT_RETURN_TYPE = YES_ERROR;
				GCC_WARN_UNDECLARED_SELECTOR = YES;
				GCC_WARN_UNINITIALIZED_AUTOS = YES_AGGRESSIVE;
				GCC_WARN_UNUSED_FUNCTION = YES;
				GCC_WARN_UNUSED_VARIABLE = YES;
				IPHONEOS_DEPLOYMENT_TARGET = 14.4;
				MTL_ENABLE_DEBUG_INFO = NO;
				MTL_FAST_MATH = YES;
				SDKROOT = iphoneos;
				SWIFT_COMPILATION_MODE = wholemodule;
				SWIFT_OPTIMIZATION_LEVEL = "-O";
				VALIDATE_PRODUCT = YES;
			};
			name = Release;
		};
		F0BE125E25E5AA53004164D6 /* Debug */ = {
			isa = XCBuildConfiguration;
			baseConfigurationReference = 07353574A3E60ED4E5809D12 /* Pods-News.debug.xcconfig */;
			buildSettings = {
				ASSETCATALOG_COMPILER_APPICON_NAME = AppIcon;
				ASSETCATALOG_COMPILER_GLOBAL_ACCENT_COLOR_NAME = AccentColor;
				CODE_SIGN_STYLE = Automatic;
				INFOPLIST_FILE = News/Info.plist;
				LD_RUNPATH_SEARCH_PATHS = (
					"$(inherited)",
					"@executable_path/Frameworks",
				);
				PRODUCT_BUNDLE_IDENTIFIER = edu.northeastern.ys95.News;
				PRODUCT_NAME = "$(TARGET_NAME)";
				SWIFT_VERSION = 5.0;
				TARGETED_DEVICE_FAMILY = "1,2";
			};
			name = Debug;
		};
		F0BE125F25E5AA53004164D6 /* Release */ = {
			isa = XCBuildConfiguration;
			baseConfigurationReference = 4861507CE1D2950CBC0E05C1 /* Pods-News.release.xcconfig */;
			buildSettings = {
				ASSETCATALOG_COMPILER_APPICON_NAME = AppIcon;
				ASSETCATALOG_COMPILER_GLOBAL_ACCENT_COLOR_NAME = AccentColor;
				CODE_SIGN_STYLE = Automatic;
				INFOPLIST_FILE = News/Info.plist;
				LD_RUNPATH_SEARCH_PATHS = (
					"$(inherited)",
					"@executable_path/Frameworks",
				);
				PRODUCT_BUNDLE_IDENTIFIER = edu.northeastern.ys95.News;
				PRODUCT_NAME = "$(TARGET_NAME)";
				SWIFT_VERSION = 5.0;
				TARGETED_DEVICE_FAMILY = "1,2";
			};
			name = Release;
		};
/* End XCBuildConfiguration section */

/* Begin XCConfigurationList section */
		F0BE124425E5AA4F004164D6 /* Build configuration list for PBXProject "News" */ = {
			isa = XCConfigurationList;
			buildConfigurations = (
				F0BE125B25E5AA53004164D6 /* Debug */,
				F0BE125C25E5AA53004164D6 /* Release */,
			);
			defaultConfigurationIsVisible = 0;
			defaultConfigurationName = Release;
		};
		F0BE125D25E5AA53004164D6 /* Build configuration list for PBXNativeTarget "News" */ = {
			isa = XCConfigurationList;
			buildConfigurations = (
				F0BE125E25E5AA53004164D6 /* Debug */,
				F0BE125F25E5AA53004164D6 /* Release */,
			);
			defaultConfigurationIsVisible = 0;
			defaultConfigurationName = Release;
		};
/* End XCConfigurationList section */
	};
	rootObject = F0BE124125E5AA4F004164D6 /* Project object */;
}
