// !$*UTF8*$!
{
	archiveVersion = 1;
	classes = {
	};
	objectVersion = 50;
	objects = {

/* Begin PBXBuildFile section */
		91CC890B2A5FBEA2DBA35E6B /* Pods_AirQualityApp.framework in Frameworks */ = {isa = PBXBuildFile; fileRef = 5FB9FB0273C2BD0940DD7BA3 /* Pods_AirQualityApp.framework */; };
		F003DE31263185AC00D52E4E /* AppDelegate.swift in Sources */ = {isa = PBXBuildFile; fileRef = F003DE30263185AC00D52E4E /* AppDelegate.swift */; };
		F003DE33263185AC00D52E4E /* SceneDelegate.swift in Sources */ = {isa = PBXBuildFile; fileRef = F003DE32263185AC00D52E4E /* SceneDelegate.swift */; };
		F003DE35263185AC00D52E4E /* ViewController.swift in Sources */ = {isa = PBXBuildFile; fileRef = F003DE34263185AC00D52E4E /* ViewController.swift */; };
		F003DE38263185AC00D52E4E /* Main.storyboard in Resources */ = {isa = PBXBuildFile; fileRef = F003DE36263185AC00D52E4E /* Main.storyboard */; };
		F003DE3A263185B500D52E4E /* Assets.xcassets in Resources */ = {isa = PBXBuildFile; fileRef = F003DE39263185B500D52E4E /* Assets.xcassets */; };
		F003DE3D263185B500D52E4E /* LaunchScreen.storyboard in Resources */ = {isa = PBXBuildFile; fileRef = F003DE3B263185B500D52E4E /* LaunchScreen.storyboard */; };
/* End PBXBuildFile section */

/* Begin PBXFileReference section */
		537F4517D9522762DD75C8A0 /* Pods-AirQualityApp.release.xcconfig */ = {isa = PBXFileReference; includeInIndex = 1; lastKnownFileType = text.xcconfig; name = "Pods-AirQualityApp.release.xcconfig"; path = "Target Support Files/Pods-AirQualityApp/Pods-AirQualityApp.release.xcconfig"; sourceTree = "<group>"; };
		5FB9FB0273C2BD0940DD7BA3 /* Pods_AirQualityApp.framework */ = {isa = PBXFileReference; explicitFileType = wrapper.framework; includeInIndex = 0; path = Pods_AirQualityApp.framework; sourceTree = BUILT_PRODUCTS_DIR; };
		CDC821F56D50D13AA9F1EC18 /* Pods-AirQualityApp.debug.xcconfig */ = {isa = PBXFileReference; includeInIndex = 1; lastKnownFileType = text.xcconfig; name = "Pods-AirQualityApp.debug.xcconfig"; path = "Target Support Files/Pods-AirQualityApp/Pods-AirQualityApp.debug.xcconfig"; sourceTree = "<group>"; };
		F003DE2D263185AC00D52E4E /* AirQualityApp.app */ = {isa = PBXFileReference; explicitFileType = wrapper.application; includeInIndex = 0; path = AirQualityApp.app; sourceTree = BUILT_PRODUCTS_DIR; };
		F003DE30263185AC00D52E4E /* AppDelegate.swift */ = {isa = PBXFileReference; lastKnownFileType = sourcecode.swift; path = AppDelegate.swift; sourceTree = "<group>"; };
		F003DE32263185AC00D52E4E /* SceneDelegate.swift */ = {isa = PBXFileReference; lastKnownFileType = sourcecode.swift; path = SceneDelegate.swift; sourceTree = "<group>"; };
		F003DE34263185AC00D52E4E /* ViewController.swift */ = {isa = PBXFileReference; lastKnownFileType = sourcecode.swift; path = ViewController.swift; sourceTree = "<group>"; };
		F003DE37263185AC00D52E4E /* Base */ = {isa = PBXFileReference; lastKnownFileType = file.storyboard; name = Base; path = Base.lproj/Main.storyboard; sourceTree = "<group>"; };
		F003DE39263185B500D52E4E /* Assets.xcassets */ = {isa = PBXFileReference; lastKnownFileType = folder.assetcatalog; path = Assets.xcassets; sourceTree = "<group>"; };
		F003DE3C263185B500D52E4E /* Base */ = {isa = PBXFileReference; lastKnownFileType = file.storyboard; name = Base; path = Base.lproj/LaunchScreen.storyboard; sourceTree = "<group>"; };
		F003DE3E263185B500D52E4E /* Info.plist */ = {isa = PBXFileReference; lastKnownFileType = text.plist.xml; path = Info.plist; sourceTree = "<group>"; };
/* End PBXFileReference section */

/* Begin PBXFrameworksBuildPhase section */
		F003DE2A263185AC00D52E4E /* Frameworks */ = {
			isa = PBXFrameworksBuildPhase;
			buildActionMask = 2147483647;
			files = (
				91CC890B2A5FBEA2DBA35E6B /* Pods_AirQualityApp.framework in Frameworks */,
			);
			runOnlyForDeploymentPostprocessing = 0;
		};
/* End PBXFrameworksBuildPhase section */

/* Begin PBXGroup section */
		3AFA82AFCDBA94271874B0DF /* Pods */ = {
			isa = PBXGroup;
			children = (
				CDC821F56D50D13AA9F1EC18 /* Pods-AirQualityApp.debug.xcconfig */,
				537F4517D9522762DD75C8A0 /* Pods-AirQualityApp.release.xcconfig */,
			);
			name = Pods;
			path = Pods;
			sourceTree = "<group>";
		};
		C25A8D85D9EB90F72A383645 /* Frameworks */ = {
			isa = PBXGroup;
			children = (
				5FB9FB0273C2BD0940DD7BA3 /* Pods_AirQualityApp.framework */,
			);
			name = Frameworks;
			sourceTree = "<group>";
		};
		F003DE24263185AC00D52E4E = {
			isa = PBXGroup;
			children = (
				F003DE2F263185AC00D52E4E /* AirQualityApp */,
				F003DE2E263185AC00D52E4E /* Products */,
				3AFA82AFCDBA94271874B0DF /* Pods */,
				C25A8D85D9EB90F72A383645 /* Frameworks */,
			);
			sourceTree = "<group>";
		};
		F003DE2E263185AC00D52E4E /* Products */ = {
			isa = PBXGroup;
			children = (
				F003DE2D263185AC00D52E4E /* AirQualityApp.app */,
			);
			name = Products;
			sourceTree = "<group>";
		};
		F003DE2F263185AC00D52E4E /* AirQualityApp */ = {
			isa = PBXGroup;
			children = (
				F003DE30263185AC00D52E4E /* AppDelegate.swift */,
				F003DE32263185AC00D52E4E /* SceneDelegate.swift */,
				F003DE34263185AC00D52E4E /* ViewController.swift */,
				F003DE36263185AC00D52E4E /* Main.storyboard */,
				F003DE39263185B500D52E4E /* Assets.xcassets */,
				F003DE3B263185B500D52E4E /* LaunchScreen.storyboard */,
				F003DE3E263185B500D52E4E /* Info.plist */,
			);
			path = AirQualityApp;
			sourceTree = "<group>";
		};
/* End PBXGroup section */

/* Begin PBXNativeTarget section */
		F003DE2C263185AC00D52E4E /* AirQualityApp */ = {
			isa = PBXNativeTarget;
			buildConfigurationList = F003DE41263185B500D52E4E /* Build configuration list for PBXNativeTarget "AirQualityApp" */;
			buildPhases = (
				9212BD891096E32977550005 /* [CP] Check Pods Manifest.lock */,
				F003DE29263185AC00D52E4E /* Sources */,
				F003DE2A263185AC00D52E4E /* Frameworks */,
				F003DE2B263185AC00D52E4E /* Resources */,
				7FFC801207547F864744B2B2 /* [CP] Embed Pods Frameworks */,
			);
			buildRules = (
			);
			dependencies = (
			);
			name = AirQualityApp;
			productName = AirQualityApp;
			productReference = F003DE2D263185AC00D52E4E /* AirQualityApp.app */;
			productType = "com.apple.product-type.application";
		};
/* End PBXNativeTarget section */

/* Begin PBXProject section */
		F003DE25263185AC00D52E4E /* Project object */ = {
			isa = PBXProject;
			attributes = {
				LastSwiftUpdateCheck = 1240;
				LastUpgradeCheck = 1240;
				TargetAttributes = {
					F003DE2C263185AC00D52E4E = {
						CreatedOnToolsVersion = 12.4;
					};
				};
			};
			buildConfigurationList = F003DE28263185AC00D52E4E /* Build configuration list for PBXProject "AirQualityApp" */;
			compatibilityVersion = "Xcode 9.3";
			developmentRegion = en;
			hasScannedForEncodings = 0;
			knownRegions = (
				en,
				Base,
			);
			mainGroup = F003DE24263185AC00D52E4E;
			productRefGroup = F003DE2E263185AC00D52E4E /* Products */;
			projectDirPath = "";
			projectRoot = "";
			targets = (
				F003DE2C263185AC00D52E4E /* AirQualityApp */,
			);
		};
/* End PBXProject section */

/* Begin PBXResourcesBuildPhase section */
		F003DE2B263185AC00D52E4E /* Resources */ = {
			isa = PBXResourcesBuildPhase;
			buildActionMask = 2147483647;
			files = (
				F003DE3D263185B500D52E4E /* LaunchScreen.storyboard in Resources */,
				F003DE3A263185B500D52E4E /* Assets.xcassets in Resources */,
				F003DE38263185AC00D52E4E /* Main.storyboard in Resources */,
			);
			runOnlyForDeploymentPostprocessing = 0;
		};
/* End PBXResourcesBuildPhase section */

/* Begin PBXShellScriptBuildPhase section */
		7FFC801207547F864744B2B2 /* [CP] Embed Pods Frameworks */ = {
			isa = PBXShellScriptBuildPhase;
			buildActionMask = 2147483647;
			files = (
			);
			inputFileListPaths = (
				"${PODS_ROOT}/Target Support Files/Pods-AirQualityApp/Pods-AirQualityApp-frameworks-${CONFIGURATION}-input-files.xcfilelist",
			);
			name = "[CP] Embed Pods Frameworks";
			outputFileListPaths = (
				"${PODS_ROOT}/Target Support Files/Pods-AirQualityApp/Pods-AirQualityApp-frameworks-${CONFIGURATION}-output-files.xcfilelist",
			);
			runOnlyForDeploymentPostprocessing = 0;
			shellPath = /bin/sh;
			shellScript = "\"${PODS_ROOT}/Target Support Files/Pods-AirQualityApp/Pods-AirQualityApp-frameworks.sh\"\n";
			showEnvVarsInLog = 0;
		};
		9212BD891096E32977550005 /* [CP] Check Pods Manifest.lock */ = {
			isa = PBXShellScriptBuildPhase;
			buildActionMask = 2147483647;
			files = (
			);
			inputFileListPaths = (
			);
			inputPaths = (
				"${PODS_PODFILE_DIR_PATH}/Podfile.lock",
				"${PODS_ROOT}/Manifest.lock",
			);
			name = "[CP] Check Pods Manifest.lock";
			outputFileListPaths = (
			);
			outputPaths = (
				"$(DERIVED_FILE_DIR)/Pods-AirQualityApp-checkManifestLockResult.txt",
			);
			runOnlyForDeploymentPostprocessing = 0;
			shellPath = /bin/sh;
			shellScript = "diff \"${PODS_PODFILE_DIR_PATH}/Podfile.lock\" \"${PODS_ROOT}/Manifest.lock\" > /dev/null\nif [ $? != 0 ] ; then\n    # print error to STDERR\n    echo \"error: The sandbox is not in sync with the Podfile.lock. Run 'pod install' or update your CocoaPods installation.\" >&2\n    exit 1\nfi\n# This output is used by Xcode 'outputs' to avoid re-running this script phase.\necho \"SUCCESS\" > \"${SCRIPT_OUTPUT_FILE_0}\"\n";
			showEnvVarsInLog = 0;
		};
/* End PBXShellScriptBuildPhase section */

/* Begin PBXSourcesBuildPhase section */
		F003DE29263185AC00D52E4E /* Sources */ = {
			isa = PBXSourcesBuildPhase;
			buildActionMask = 2147483647;
			files = (
				F003DE35263185AC00D52E4E /* ViewController.swift in Sources */,
				F003DE31263185AC00D52E4E /* AppDelegate.swift in Sources */,
				F003DE33263185AC00D52E4E /* SceneDelegate.swift in Sources */,
			);
			runOnlyForDeploymentPostprocessing = 0;
		};
/* End PBXSourcesBuildPhase section */

/* Begin PBXVariantGroup section */
		F003DE36263185AC00D52E4E /* Main.storyboard */ = {
			isa = PBXVariantGroup;
			children = (
				F003DE37263185AC00D52E4E /* Base */,
			);
			name = Main.storyboard;
			sourceTree = "<group>";
		};
		F003DE3B263185B500D52E4E /* LaunchScreen.storyboard */ = {
			isa = PBXVariantGroup;
			children = (
				F003DE3C263185B500D52E4E /* Base */,
			);
			name = LaunchScreen.storyboard;
			sourceTree = "<group>";
		};
/* End PBXVariantGroup section */

/* Begin XCBuildConfiguration section */
		F003DE3F263185B500D52E4E /* Debug */ = {
			isa = XCBuildConfiguration;
			buildSettings = {
				ALWAYS_SEARCH_USER_PATHS = NO;
				CLANG_ANALYZER_NONNULL = YES;
				CLANG_ANALYZER_NUMBER_OBJECT_CONVERSION = YES_AGGRESSIVE;
				CLANG_CXX_LANGUAGE_STANDARD = "gnu++14";
				CLANG_CXX_LIBRARY = "libc++";
				CLANG_ENABLE_MODULES = YES;
				CLANG_ENABLE_OBJC_ARC = YES;
				CLANG_ENABLE_OBJC_WEAK = YES;
				CLANG_WARN_BLOCK_CAPTURE_AUTORELEASING = YES;
				CLANG_WARN_BOOL_CONVERSION = YES;
				CLANG_WARN_COMMA = YES;
				CLANG_WARN_CONSTANT_CONVERSION = YES;
				CLANG_WARN_DEPRECATED_OBJC_IMPLEMENTATIONS = YES;
				CLANG_WARN_DIRECT_OBJC_ISA_USAGE = YES_ERROR;
				CLANG_WARN_DOCUMENTATION_COMMENTS = YES;
				CLANG_WARN_EMPTY_BODY = YES;
				CLANG_WARN_ENUM_CONVERSION = YES;
				CLANG_WARN_INFINITE_RECURSION = YES;
				CLANG_WARN_INT_CONVERSION = YES;
				CLANG_WARN_NON_LITERAL_NULL_CONVERSION = YES;
				CLANG_WARN_OBJC_IMPLICIT_RETAIN_SELF = YES;
				CLANG_WARN_OBJC_LITERAL_CONVERSION = YES;
				CLANG_WARN_OBJC_ROOT_CLASS = YES_ERROR;
				CLANG_WARN_QUOTED_INCLUDE_IN_FRAMEWORK_HEADER = YES;
				CLANG_WARN_RANGE_LOOP_ANALYSIS = YES;
				CLANG_WARN_STRICT_PROTOTYPES = YES;
				CLANG_WARN_SUSPICIOUS_MOVE = YES;
				CLANG_WARN_UNGUARDED_AVAILABILITY = YES_AGGRESSIVE;
				CLANG_WARN_UNREACHABLE_CODE = YES;
				CLANG_WARN__DUPLICATE_METHOD_MATCH = YES;
				COPY_PHASE_STRIP = NO;
				DEBUG_INFORMATION_FORMAT = dwarf;
				ENABLE_STRICT_OBJC_MSGSEND = YES;
				ENABLE_TESTABILITY = YES;
				GCC_C_LANGUAGE_STANDARD = gnu11;
				GCC_DYNAMIC_NO_PIC = NO;
				GCC_NO_COMMON_BLOCKS = YES;
				GCC_OPTIMIZATION_LEVEL = 0;
				GCC_PREPROCESSOR_DEFINITIONS = (
					"DEBUG=1",
					"$(inherited)",
				);
				GCC_WARN_64_TO_32_BIT_CONVERSION = YES;
				GCC_WARN_ABOUT_RETURN_TYPE = YES_ERROR;
				GCC_WARN_UNDECLARED_SELECTOR = YES;
				GCC_WARN_UNINITIALIZED_AUTOS = YES_AGGRESSIVE;
				GCC_WARN_UNUSED_FUNCTION = YES;
				GCC_WARN_UNUSED_VARIABLE = YES;
				IPHONEOS_DEPLOYMENT_TARGET = 14.4;
				MTL_ENABLE_DEBUG_INFO = INCLUDE_SOURCE;
				MTL_FAST_MATH = YES;
				ONLY_ACTIVE_ARCH = YES;
				SDKROOT = iphoneos;
				SWIFT_ACTIVE_COMPILATION_CONDITIONS = DEBUG;
				SWIFT_OPTIMIZATION_LEVEL = "-Onone";
			};
			name = Debug;
		};
		F003DE40263185B500D52E4E /* Release */ = {
			isa = XCBuildConfiguration;
			buildSettings = {
				ALWAYS_SEARCH_USER_PATHS = NO;
				CLANG_ANALYZER_NONNULL = YES;
				CLANG_ANALYZER_NUMBER_OBJECT_CONVERSION = YES_AGGRESSIVE;
				CLANG_CXX_LANGUAGE_STANDARD = "gnu++14";
				CLANG_CXX_LIBRARY = "libc++";
				CLANG_ENABLE_MODULES = YES;
				CLANG_ENABLE_OBJC_ARC = YES;
				CLANG_ENABLE_OBJC_WEAK = YES;
				CLANG_WARN_BLOCK_CAPTURE_AUTORELEASING = YES;
				CLANG_WARN_BOOL_CONVERSION = YES;
				CLANG_WARN_COMMA = YES;
				CLANG_WARN_CONSTANT_CONVERSION = YES;
				CLANG_WARN_DEPRECATED_OBJC_IMPLEMENTATIONS = YES;
				CLANG_WARN_DIRECT_OBJC_ISA_USAGE = YES_ERROR;
				CLANG_WARN_DOCUMENTATION_COMMENTS = YES;
				CLANG_WARN_EMPTY_BODY = YES;
				CLANG_WARN_ENUM_CONVERSION = YES;
				CLANG_WARN_INFINITE_RECURSION = YES;
				CLANG_WARN_INT_CONVERSION = YES;
				CLANG_WARN_NON_LITERAL_NULL_CONVERSION = YES;
				CLANG_WARN_OBJC_IMPLICIT_RETAIN_SELF = YES;
				CLANG_WARN_OBJC_LITERAL_CONVERSION = YES;
				CLANG_WARN_OBJC_ROOT_CLASS = YES_ERROR;
				CLANG_WARN_QUOTED_INCLUDE_IN_FRAMEWORK_HEADER = YES;
				CLANG_WARN_RANGE_LOOP_ANALYSIS = YES;
				CLANG_WARN_STRICT_PROTOTYPES = YES;
				CLANG_WARN_SUSPICIOUS_MOVE = YES;
				CLANG_WARN_UNGUARDED_AVAILABILITY = YES_AGGRESSIVE;
				CLANG_WARN_UNREACHABLE_CODE = YES;
				CLANG_WARN__DUPLICATE_METHOD_MATCH = YES;
				COPY_PHASE_STRIP = NO;
				DEBUG_INFORMATION_FORMAT = "dwarf-with-dsym";
				ENABLE_NS_ASSERTIONS = NO;
				ENABLE_STRICT_OBJC_MSGSEND = YES;
				GCC_C_LANGUAGE_STANDARD = gnu11;
				GCC_NO_COMMON_BLOCKS = YES;
				GCC_WARN_64_TO_32_BIT_CONVERSION = YES;
				GCC_WARN_ABOUT_RETURN_TYPE = YES_ERROR;
				GCC_WARN_UNDECLARED_SELECTOR = YES;
				GCC_WARN_UNINITIALIZED_AUTOS = YES_AGGRESSIVE;
				GCC_WARN_UNUSED_FUNCTION = YES;
				GCC_WARN_UNUSED_VARIABLE = YES;
				IPHONEOS_DEPLOYMENT_TARGET = 14.4;
				MTL_ENABLE_DEBUG_INFO = NO;
				MTL_FAST_MATH = YES;
				SDKROOT = iphoneos;
				SWIFT_COMPILATION_MODE = wholemodule;
				SWIFT_OPTIMIZATION_LEVEL = "-O";
				VALIDATE_PRODUCT = YES;
			};
			name = Release;
		};
		F003DE42263185B500D52E4E /* Debug */ = {
			isa = XCBuildConfiguration;
			baseConfigurationReference = CDC821F56D50D13AA9F1EC18 /* Pods-AirQualityApp.debug.xcconfig */;
			buildSettings = {
				ASSETCATALOG_COMPILER_APPICON_NAME = AppIcon;
				ASSETCATALOG_COMPILER_GLOBAL_ACCENT_COLOR_NAME = AccentColor;
				CODE_SIGN_STYLE = Automatic;
				INFOPLIST_FILE = AirQualityApp/Info.plist;
				LD_RUNPATH_SEARCH_PATHS = (
					"$(inherited)",
					"@executable_path/Frameworks",
				);
				PRODUCT_BUNDLE_IDENTIFIER = edu.northeastern.ys95.AirQualityApp;
				PRODUCT_NAME = "$(TARGET_NAME)";
				SWIFT_VERSION = 5.0;
				TARGETED_DEVICE_FAMILY = "1,2";
			};
			name = Debug;
		};
		F003DE43263185B500D52E4E /* Release */ = {
			isa = XCBuildConfiguration;
			baseConfigurationReference = 537F4517D9522762DD75C8A0 /* Pods-AirQualityApp.release.xcconfig */;
			buildSettings = {
				ASSETCATALOG_COMPILER_APPICON_NAME = AppIcon;
				ASSETCATALOG_COMPILER_GLOBAL_ACCENT_COLOR_NAME = AccentColor;
				CODE_SIGN_STYLE = Automatic;
				INFOPLIST_FILE = AirQualityApp/Info.plist;
				LD_RUNPATH_SEARCH_PATHS = (
					"$(inherited)",
					"@executable_path/Frameworks",
				);
				PRODUCT_BUNDLE_IDENTIFIER = edu.northeastern.ys95.AirQualityApp;
				PRODUCT_NAME = "$(TARGET_NAME)";
				SWIFT_VERSION = 5.0;
				TARGETED_DEVICE_FAMILY = "1,2";
			};
			name = Release;
		};
/* End XCBuildConfiguration section */

/* Begin XCConfigurationList section */
		F003DE28263185AC00D52E4E /* Build configuration list for PBXProject "AirQualityApp" */ = {
			isa = XCConfigurationList;
			buildConfigurations = (
				F003DE3F263185B500D52E4E /* Debug */,
				F003DE40263185B500D52E4E /* Release */,
			);
			defaultConfigurationIsVisible = 0;
			defaultConfigurationName = Release;
		};
		F003DE41263185B500D52E4E /* Build configuration list for PBXNativeTarget "AirQualityApp" */ = {
			isa = XCConfigurationList;
			buildConfigurations = (
				F003DE42263185B500D52E4E /* Debug */,
				F003DE43263185B500D52E4E /* Release */,
			);
			defaultConfigurationIsVisible = 0;
			defaultConfigurationName = Release;
		};
/* End XCConfigurationList section */
	};
	rootObject = F003DE25263185AC00D52E4E /* Project object */;
}
